// !$*UTF8*$!
{
	archiveVersion = 1;
	classes = {
	};
	objectVersion = 46;
	objects = {

/* Begin PBXBuildFile section */
		A90ECD591652E3A7007A0958 /* triangle.png in Resources */ = {isa = PBXBuildFile; fileRef = A90ECD571652E3A7007A0958 /* triangle.png */; };
		A90ECD5A1652E3A7007A0958 /* triangleInverted.png in Resources */ = {isa = PBXBuildFile; fileRef = A90ECD581652E3A7007A0958 /* triangleInverted.png */; };
		A91EFD4816751FB200E2F0D3 /* backButton.png in Resources */ = {isa = PBXBuildFile; fileRef = A91EFD4716751FB200E2F0D3 /* backButton.png */; };
		A91EFD4B16751FCA00E2F0D3 /* quantityButton.png in Resources */ = {isa = PBXBuildFile; fileRef = A91EFD4A16751FCA00E2F0D3 /* quantityButton.png */; };
		A941C872163C3CCF00E11740 /* UIKit.framework in Frameworks */ = {isa = PBXBuildFile; fileRef = A941C871163C3CCF00E11740 /* UIKit.framework */; };
		A941C874163C3CCF00E11740 /* Foundation.framework in Frameworks */ = {isa = PBXBuildFile; fileRef = A941C873163C3CCF00E11740 /* Foundation.framework */; };
		A941C876163C3CCF00E11740 /* CoreGraphics.framework in Frameworks */ = {isa = PBXBuildFile; fileRef = A941C875163C3CCF00E11740 /* CoreGraphics.framework */; };
		A941C87C163C3CCF00E11740 /* InfoPlist.strings in Resources */ = {isa = PBXBuildFile; fileRef = A941C87A163C3CCF00E11740 /* InfoPlist.strings */; };
		A941C87E163C3CCF00E11740 /* main.m in Sources */ = {isa = PBXBuildFile; fileRef = A941C87D163C3CCF00E11740 /* main.m */; };
		A941C882163C3CCF00E11740 /* BKAppDelegate.m in Sources */ = {isa = PBXBuildFile; fileRef = A941C881163C3CCF00E11740 /* BKAppDelegate.m */; };
		A941C88B163C3CCF00E11740 /* MainStoryboard.storyboard in Resources */ = {isa = PBXBuildFile; fileRef = A941C889163C3CCF00E11740 /* MainStoryboard.storyboard */; };
		A941C88E163C3CCF00E11740 /* BKViewController.m in Sources */ = {isa = PBXBuildFile; fileRef = A941C88D163C3CCF00E11740 /* BKViewController.m */; };
		A979F3CE165E70C8001C358E /* 114x114.png in Resources */ = {isa = PBXBuildFile; fileRef = A979F3CD165E70C8001C358E /* 114x114.png */; };
		A979F3D1165E70DE001C358E /* 57x57.png in Resources */ = {isa = PBXBuildFile; fileRef = A979F3D0165E70DE001C358E /* 57x57.png */; };
		A9A1175716442CA200DCEA7E /* ipipe-copy-2.png in Resources */ = {isa = PBXBuildFile; fileRef = A9A1175616442CA200DCEA7E /* ipipe-copy-2.png */; };
		A9A1175916442EB500DCEA7E /* Default.png in Resources */ = {isa = PBXBuildFile; fileRef = A9A1175816442EB500DCEA7E /* Default.png */; };
		A9A1175B16442F9D00DCEA7E /* Default@2x.png in Resources */ = {isa = PBXBuildFile; fileRef = A9A1175A16442F9D00DCEA7E /* Default@2x.png */; };
		A9A1175D16442FA400DCEA7E /* Default-568h@2x.png in Resources */ = {isa = PBXBuildFile; fileRef = A9A1175C16442FA400DCEA7E /* Default-568h@2x.png */; };
		A9DE70541671478500B622DF /* DumperButton.png in Resources */ = {isa = PBXBuildFile; fileRef = A9DE70531671478400B622DF /* DumperButton.png */; };
		A9DE705916714B5400B622DF /* BKQuantityViewController.m in Sources */ = {isa = PBXBuildFile; fileRef = A9DE705816714B5400B622DF /* BKQuantityViewController.m */; };
		A9E5F3DB1674A3E500FA8EBB /* iPipeBlackBackgroung.png in Resources */ = {isa = PBXBuildFile; fileRef = A9E5F3DA1674A3E500FA8EBB /* iPipeBlackBackgroung.png */; };
		A9E5F3DE1674B66500FA8EBB /* iPipeBackgroung.png in Resources */ = {isa = PBXBuildFile; fileRef = A9E5F3DD1674B66500FA8EBB /* iPipeBackgroung.png */; };
/* End PBXBuildFile section */

/* Begin PBXFileReference section */
		A90ECD571652E3A7007A0958 /* triangle.png */ = {isa = PBXFileReference; lastKnownFileType = image.png; path = triangle.png; sourceTree = "<group>"; };
		A90ECD581652E3A7007A0958 /* triangleInverted.png */ = {isa = PBXFileReference; lastKnownFileType = image.png; path = triangleInverted.png; sourceTree = "<group>"; };
		A91EFD4716751FB200E2F0D3 /* backButton.png */ = {isa = PBXFileReference; lastKnownFileType = image.png; name = backButton.png; path = Images/backButton.png; sourceTree = "<group>"; };
		A91EFD4A16751FCA00E2F0D3 /* quantityButton.png */ = {isa = PBXFileReference; lastKnownFileType = image.png; name = quantityButton.png; path = Images/quantityButton.png; sourceTree = "<group>"; };
		A941C86D163C3CCF00E11740 /* iPipe.app */ = {isa = PBXFileReference; explicitFileType = wrapper.application; includeInIndex = 0; path = iPipe.app; sourceTree = BUILT_PRODUCTS_DIR; };
		A941C871163C3CCF00E11740 /* UIKit.framework */ = {isa = PBXFileReference; lastKnownFileType = wrapper.framework; name = UIKit.framework; path = System/Library/Frameworks/UIKit.framework; sourceTree = SDKROOT; };
		A941C873163C3CCF00E11740 /* Foundation.framework */ = {isa = PBXFileReference; lastKnownFileType = wrapper.framework; name = Foundation.framework; path = System/Library/Frameworks/Foundation.framework; sourceTree = SDKROOT; };
		A941C875163C3CCF00E11740 /* CoreGraphics.framework */ = {isa = PBXFileReference; lastKnownFileType = wrapper.framework; name = CoreGraphics.framework; path = System/Library/Frameworks/CoreGraphics.framework; sourceTree = SDKROOT; };
		A941C879163C3CCF00E11740 /* iPipe-Info.plist */ = {isa = PBXFileReference; lastKnownFileType = text.plist.xml; path = "iPipe-Info.plist"; sourceTree = "<group>"; };
		A941C87B163C3CCF00E11740 /* en */ = {isa = PBXFileReference; lastKnownFileType = text.plist.strings; name = en; path = en.lproj/InfoPlist.strings; sourceTree = "<group>"; };
		A941C87D163C3CCF00E11740 /* main.m */ = {isa = PBXFileReference; lastKnownFileType = sourcecode.c.objc; path = main.m; sourceTree = "<group>"; };
		A941C87F163C3CCF00E11740 /* iPipe-Prefix.pch */ = {isa = PBXFileReference; lastKnownFileType = sourcecode.c.h; path = "iPipe-Prefix.pch"; sourceTree = "<group>"; };
		A941C880163C3CCF00E11740 /* BKAppDelegate.h */ = {isa = PBXFileReference; lastKnownFileType = sourcecode.c.h; path = BKAppDelegate.h; sourceTree = "<group>"; };
		A941C881163C3CCF00E11740 /* BKAppDelegate.m */ = {isa = PBXFileReference; lastKnownFileType = sourcecode.c.objc; path = BKAppDelegate.m; sourceTree = "<group>"; };
		A941C88A163C3CCF00E11740 /* en */ = {isa = PBXFileReference; lastKnownFileType = file.storyboard; name = en; path = en.lproj/MainStoryboard.storyboard; sourceTree = "<group>"; };
		A941C88C163C3CCF00E11740 /* BKViewController.h */ = {isa = PBXFileReference; lastKnownFileType = sourcecode.c.h; path = BKViewController.h; sourceTree = "<group>"; };
		A941C88D163C3CCF00E11740 /* BKViewController.m */ = {isa = PBXFileReference; lastKnownFileType = sourcecode.c.objc; path = BKViewController.m; sourceTree = "<group>"; };
		A979F3CD165E70C8001C358E /* 114x114.png */ = {isa = PBXFileReference; lastKnownFileType = image.png; path = 114x114.png; sourceTree = "<group>"; };
		A979F3D0165E70DE001C358E /* 57x57.png */ = {isa = PBXFileReference; lastKnownFileType = image.png; path = 57x57.png; sourceTree = "<group>"; };
		A9A1175616442CA200DCEA7E /* ipipe-copy-2.png */ = {isa = PBXFileReference; lastKnownFileType = image.png; path = "ipipe-copy-2.png"; sourceTree = "<group>"; };
		A9A1175816442EB500DCEA7E /* Default.png */ = {isa = PBXFileReference; lastKnownFileType = image.png; name = Default.png; path = ../Default.png; sourceTree = "<group>"; };
		A9A1175A16442F9D00DCEA7E /* Default@2x.png */ = {isa = PBXFileReference; lastKnownFileType = image.png; name = "Default@2x.png"; path = "../Default@2x.png"; sourceTree = "<group>"; };
		A9A1175C16442FA400DCEA7E /* Default-568h@2x.png */ = {isa = PBXFileReference; lastKnownFileType = image.png; name = "Default-568h@2x.png"; path = "../Default-568h@2x.png"; sourceTree = "<group>"; };
		A9DE70531671478400B622DF /* DumperButton.png */ = {isa = PBXFileReference; lastKnownFileType = image.png; name = DumperButton.png; path = Images/DumperButton.png; sourceTree = "<group>"; };
		A9DE705716714B5400B622DF /* BKQuantityViewController.h */ = {isa = PBXFileReference; fileEncoding = 4; lastKnownFileType = sourcecode.c.h; path = BKQuantityViewController.h; sourceTree = "<group>"; };
		A9DE705816714B5400B622DF /* BKQuantityViewController.m */ = {isa = PBXFileReference; fileEncoding = 4; lastKnownFileType = sourcecode.c.objc; path = BKQuantityViewController.m; sourceTree = "<group>"; };
		A9E5F3DA1674A3E500FA8EBB /* iPipeBlackBackgroung.png */ = {isa = PBXFileReference; lastKnownFileType = image.png; name = iPipeBlackBackgroung.png; path = Images/iPipeBlackBackgroung.png; sourceTree = "<group>"; };
		A9E5F3DD1674B66500FA8EBB /* iPipeBackgroung.png */ = {isa = PBXFileReference; lastKnownFileType = image.png; name = iPipeBackgroung.png; path = Images/iPipeBackgroung.png; sourceTree = "<group>"; };
/* End PBXFileReference section */

/* Begin PBXFrameworksBuildPhase section */
		A941C86A163C3CCF00E11740 /* Frameworks */ = {
			isa = PBXFrameworksBuildPhase;
			buildActionMask = 2147483647;
			files = (
				A941C872163C3CCF00E11740 /* UIKit.framework in Frameworks */,
				A941C874163C3CCF00E11740 /* Foundation.framework in Frameworks */,
				A941C876163C3CCF00E11740 /* CoreGraphics.framework in Frameworks */,
			);
			runOnlyForDeploymentPostprocessing = 0;
		};
/* End PBXFrameworksBuildPhase section */

/* Begin PBXGroup section */
		A941C862163C3CCF00E11740 = {
			isa = PBXGroup;
			children = (
				A91EFD4A16751FCA00E2F0D3 /* quantityButton.png */,
				A91EFD4716751FB200E2F0D3 /* backButton.png */,
				A9E5F3DD1674B66500FA8EBB /* iPipeBackgroung.png */,
				A9E5F3DA1674A3E500FA8EBB /* iPipeBlackBackgroung.png */,
				A9DE70531671478400B622DF /* DumperButton.png */,
				A979F3D0165E70DE001C358E /* 57x57.png */,
				A979F3CD165E70C8001C358E /* 114x114.png */,
				A941C877163C3CCF00E11740 /* iPipe */,
				A941C870163C3CCF00E11740 /* Frameworks */,
				A941C86E163C3CCF00E11740 /* Products */,
			);
			sourceTree = "<group>";
		};
		A941C86E163C3CCF00E11740 /* Products */ = {
			isa = PBXGroup;
			children = (
				A941C86D163C3CCF00E11740 /* iPipe.app */,
			);
			name = Products;
			sourceTree = "<group>";
		};
		A941C870163C3CCF00E11740 /* Frameworks */ = {
			isa = PBXGroup;
			children = (
				A941C871163C3CCF00E11740 /* UIKit.framework */,
				A941C873163C3CCF00E11740 /* Foundation.framework */,
				A941C875163C3CCF00E11740 /* CoreGraphics.framework */,
			);
			name = Frameworks;
			sourceTree = "<group>";
		};
		A941C877163C3CCF00E11740 /* iPipe */ = {
			isa = PBXGroup;
			children = (
				A9DE705716714B5400B622DF /* BKQuantityViewController.h */,
				A9DE705816714B5400B622DF /* BKQuantityViewController.m */,
				A941C880163C3CCF00E11740 /* BKAppDelegate.h */,
				A941C881163C3CCF00E11740 /* BKAppDelegate.m */,
				A941C889163C3CCF00E11740 /* MainStoryboard.storyboard */,
				A941C88C163C3CCF00E11740 /* BKViewController.h */,
				A941C88D163C3CCF00E11740 /* BKViewController.m */,
				A941C878163C3CCF00E11740 /* Supporting Files */,
			);
			path = iPipe;
			sourceTree = "<group>";
		};
		A941C878163C3CCF00E11740 /* Supporting Files */ = {
			isa = PBXGroup;
			children = (
				A90ECD571652E3A7007A0958 /* triangle.png */,
				A90ECD581652E3A7007A0958 /* triangleInverted.png */,
				A9A1175616442CA200DCEA7E /* ipipe-copy-2.png */,
				A941C879163C3CCF00E11740 /* iPipe-Info.plist */,
				A941C87A163C3CCF00E11740 /* InfoPlist.strings */,
				A941C87D163C3CCF00E11740 /* main.m */,
				A941C87F163C3CCF00E11740 /* iPipe-Prefix.pch */,
				A9A1175C16442FA400DCEA7E /* Default-568h@2x.png */,
				A9A1175A16442F9D00DCEA7E /* Default@2x.png */,
				A9A1175816442EB500DCEA7E /* Default.png */,
			);
			name = "Supporting Files";
			sourceTree = "<group>";
		};
/* End PBXGroup section */

/* Begin PBXNativeTarget section */
		A941C86C163C3CCF00E11740 /* iPipe */ = {
			isa = PBXNativeTarget;
			buildConfigurationList = A941C891163C3CCF00E11740 /* Build configuration list for PBXNativeTarget "iPipe" */;
			buildPhases = (
				A941C869163C3CCF00E11740 /* Sources */,
				A941C86A163C3CCF00E11740 /* Frameworks */,
				A941C86B163C3CCF00E11740 /* Resources */,
			);
			buildRules = (
			);
			dependencies = (
			);
			name = iPipe;
			productName = iPipe;
			productReference = A941C86D163C3CCF00E11740 /* iPipe.app */;
			productType = "com.apple.product-type.application";
		};
/* End PBXNativeTarget section */

/* Begin PBXProject section */
		A941C864163C3CCF00E11740 /* Project object */ = {
			isa = PBXProject;
			attributes = {
				CLASSPREFIX = BK;
				LastUpgradeCheck = 0450;
				ORGANIZATIONNAME = "Brian Keating";
			};
			buildConfigurationList = A941C867163C3CCF00E11740 /* Build configuration list for PBXProject "iPipe" */;
			compatibilityVersion = "Xcode 3.2";
			developmentRegion = English;
			hasScannedForEncodings = 0;
			knownRegions = (
				en,
			);
			mainGroup = A941C862163C3CCF00E11740;
			productRefGroup = A941C86E163C3CCF00E11740 /* Products */;
			projectDirPath = "";
			projectRoot = "";
			targets = (
				A941C86C163C3CCF00E11740 /* iPipe */,
			);
		};
/* End PBXProject section */

/* Begin PBXResourcesBuildPhase section */
		A941C86B163C3CCF00E11740 /* Resources */ = {
			isa = PBXResourcesBuildPhase;
			buildActionMask = 2147483647;
			files = (
				A941C87C163C3CCF00E11740 /* InfoPlist.strings in Resources */,
				A941C88B163C3CCF00E11740 /* MainStoryboard.storyboard in Resources */,
				A9A1175716442CA200DCEA7E /* ipipe-copy-2.png in Resources */,
				A9A1175916442EB500DCEA7E /* Default.png in Resources */,
				A9A1175B16442F9D00DCEA7E /* Default@2x.png in Resources */,
				A9A1175D16442FA400DCEA7E /* Default-568h@2x.png in Resources */,
				A90ECD591652E3A7007A0958 /* triangle.png in Resources */,
				A90ECD5A1652E3A7007A0958 /* triangleInverted.png in Resources */,
				A979F3CE165E70C8001C358E /* 114x114.png in Resources */,
				A979F3D1165E70DE001C358E /* 57x57.png in Resources */,
				A9DE70541671478500B622DF /* DumperButton.png in Resources */,
				A9E5F3DB1674A3E500FA8EBB /* iPipeBlackBackgroung.png in Resources */,
				A9E5F3DE1674B66500FA8EBB /* iPipeBackgroung.png in Resources */,
				A91EFD4816751FB200E2F0D3 /* backButton.png in Resources */,
				A91EFD4B16751FCA00E2F0D3 /* quantityButton.png in Resources */,
			);
			runOnlyForDeploymentPostprocessing = 0;
		};
/* End PBXResourcesBuildPhase section */

/* Begin PBXSourcesBuildPhase section */
		A941C869163C3CCF00E11740 /* Sources */ = {
			isa = PBXSourcesBuildPhase;
			buildActionMask = 2147483647;
			files = (
				A941C87E163C3CCF00E11740 /* main.m in Sources */,
				A941C882163C3CCF00E11740 /* BKAppDelegate.m in Sources */,
				A941C88E163C3CCF00E11740 /* BKViewController.m in Sources */,
				A9DE705916714B5400B622DF /* BKQuantityViewController.m in Sources */,
			);
			runOnlyForDeploymentPostprocessing = 0;
		};
/* End PBXSourcesBuildPhase section */

/* Begin PBXVariantGroup section */
		A941C87A163C3CCF00E11740 /* InfoPlist.strings */ = {
			isa = PBXVariantGroup;
			children = (
				A941C87B163C3CCF00E11740 /* en */,
			);
			name = InfoPlist.strings;
			sourceTree = "<group>";
		};
		A941C889163C3CCF00E11740 /* MainStoryboard.storyboard */ = {
			isa = PBXVariantGroup;
			children = (
				A941C88A163C3CCF00E11740 /* en */,
			);
			name = MainStoryboard.storyboard;
			sourceTree = "<group>";
		};
/* End PBXVariantGroup section */

/* Begin XCBuildConfiguration section */
		A941C88F163C3CCF00E11740 /* Debug */ = {
			isa = XCBuildConfiguration;
			buildSettings = {
				ALWAYS_SEARCH_USER_PATHS = NO;
				CLANG_CXX_LANGUAGE_STANDARD = "gnu++0x";
				CLANG_CXX_LIBRARY = "libc++";
				CLANG_ENABLE_OBJC_ARC = YES;
				CLANG_WARN_EMPTY_BODY = YES;
				CLANG_WARN__DUPLICATE_METHOD_MATCH = YES;
				"CODE_SIGN_IDENTITY[sdk=iphoneos*]" = "iPhone Distribution: Brian Keating";
				COPY_PHASE_STRIP = NO;
				GCC_C_LANGUAGE_STANDARD = gnu99;
				GCC_DYNAMIC_NO_PIC = NO;
				GCC_OPTIMIZATION_LEVEL = 0;
				GCC_PREPROCESSOR_DEFINITIONS = (
					"DEBUG=1",
					"$(inherited)",
				);
				GCC_SYMBOLS_PRIVATE_EXTERN = NO;
				GCC_WARN_ABOUT_RETURN_TYPE = YES;
				GCC_WARN_UNINITIALIZED_AUTOS = YES;
				GCC_WARN_UNUSED_VARIABLE = YES;
				IPHONEOS_DEPLOYMENT_TARGET = 6.0;
				ONLY_ACTIVE_ARCH = YES;
				"PROVISIONING_PROFILE[sdk=iphoneos*]" = "6948886A-3AAA-450E-9D4A-5447BA457D75";
				SDKROOT = iphoneos;
			};
			name = Debug;
		};
		A941C890163C3CCF00E11740 /* Release */ = {
			isa = XCBuildConfiguration;
			buildSettings = {
				ALWAYS_SEARCH_USER_PATHS = NO;
				CLANG_CXX_LANGUAGE_STANDARD = "gnu++0x";
				CLANG_CXX_LIBRARY = "libc++";
				CLANG_ENABLE_OBJC_ARC = YES;
				CLANG_WARN_EMPTY_BODY = YES;
				CLANG_WARN__DUPLICATE_METHOD_MATCH = YES;
				"CODE_SIGN_IDENTITY[sdk=iphoneos*]" = "iPhone Distribution: Brian Keating";
				COPY_PHASE_STRIP = YES;
				GCC_C_LANGUAGE_STANDARD = gnu99;
				GCC_WARN_ABOUT_RETURN_TYPE = YES;
				GCC_WARN_UNINITIALIZED_AUTOS = YES;
				GCC_WARN_UNUSED_VARIABLE = YES;
				IPHONEOS_DEPLOYMENT_TARGET = 6.0;
				OTHER_CFLAGS = "-DNS_BLOCK_ASSERTIONS=1";
				"PROVISIONING_PROFILE[sdk=iphoneos*]" = "6948886A-3AAA-450E-9D4A-5447BA457D75";
				SDKROOT = iphoneos;
				VALIDATE_PRODUCT = YES;
			};
			name = Release;
		};
		A941C892163C3CCF00E11740 /* Debug */ = {
			isa = XCBuildConfiguration;
			buildSettings = {
				"CODE_SIGN_IDENTITY[sdk=iphoneos*]" = "iPhone Developer";
				GCC_PRECOMPILE_PREFIX_HEADER = YES;
				GCC_PREFIX_HEADER = "iPipe/iPipe-Prefix.pch";
				INFOPLIST_FILE = "iPipe/iPipe-Info.plist";
				PRODUCT_NAME = "$(TARGET_NAME)";
				"PROVISIONING_PROFILE[sdk=iphoneos*]" = "";
				TARGETED_DEVICE_FAMILY = 1;
				WRAPPER_EXTENSION = app;
			};
			name = Debug;
		};
		A941C893163C3CCF00E11740 /* Release */ = {
			isa = XCBuildConfiguration;
			buildSettings = {
				GCC_PRECOMPILE_PREFIX_HEADER = YES;
				GCC_PREFIX_HEADER = "iPipe/iPipe-Prefix.pch";
				INFOPLIST_FILE = "iPipe/iPipe-Info.plist";
				PRODUCT_NAME = "$(TARGET_NAME)";
				TARGETED_DEVICE_FAMILY = 1;
				WRAPPER_EXTENSION = app;
			};
			name = Release;
		};
/* End XCBuildConfiguration section */

/* Begin XCConfigurationList section */
		A941C867163C3CCF00E11740 /* Build configuration list for PBXProject "iPipe" */ = {
			isa = XCConfigurationList;
			buildConfigurations = (
				A941C88F163C3CCF00E11740 /* Debug */,
				A941C890163C3CCF00E11740 /* Release */,
			);
			defaultConfigurationIsVisible = 0;
			defaultConfigurationName = Release;
		};
		A941C891163C3CCF00E11740 /* Build configuration list for PBXNativeTarget "iPipe" */ = {
			isa = XCConfigurationList;
			buildConfigurations = (
				A941C892163C3CCF00E11740 /* Debug */,
				A941C893163C3CCF00E11740 /* Release */,
			);
			defaultConfigurationIsVisible = 0;
			defaultConfigurationName = Release;
		};
/* End XCConfigurationList section */
	};
	rootObject = A941C864163C3CCF00E11740 /* Project object */;
}
